
Microsoft Visual Studio Solution File, Format Version 12.00
# Visual Studio Version 16
VisualStudioVersion = 16.0.31624.102
MinimumVisualStudioVersion = 10.0.40219.1
Project("{FAE04EC0-301F-11D3-BF4B-00C04F79EFBC}") = "Lista Encadeada", "Lista Encadeada.csproj", "{60933523-68AE-48F9-B571-5F7452EC0A1D}"
EndProject
Global
	GlobalSection(SolutionConfigurationPlatforms) = preSolution
		Debug|Any CPU = Debug|Any CPU
		Release|Any CPU = Release|Any CPU
	EndGlobalSection
	GlobalSection(ProjectConfigurationPlatforms) = postSolution
		{60933523-68AE-48F9-B571-5F7452EC0A1D}.Debug|Any CPU.ActiveCfg = Debug|Any CPU
		{60933523-68AE-48F9-B571-5F7452EC0A1D}.Debug|Any CPU.Build.0 = Debug|Any CPU
		{60933523-68AE-48F9-B571-5F7452EC0A1D}.Release|Any CPU.ActiveCfg = Release|Any CPU
		{60933523-68AE-48F9-B571-5F7452EC0A1D}.Release|Any CPU.Build.0 = Release|Any CPU
	EndGlobalSection
	GlobalSection(SolutionProperties) = preSolution
		HideSolutionNode = FALSE
	EndGlobalSection
	GlobalSection(ExtensibilityGlobals) = postSolution
		SolutionGuid = {B959A323-4726-422A-ABC2-FA1092B6AD5D}
	EndGlobalSection
EndGlobal
